
Microsoft Visual Studio Solution File, Format Version 12.00
# Visual Studio Version 17
VisualStudioVersion = 17.14.36811.4 d17.14
MinimumVisualStudioVersion = 10.0.40219.1
Project("{FAE04EC0-301F-11D3-BF4B-00C04F79EFBC}") = "Testing", "Testing\Testing.csproj", "{256568A7-048D-423D-874B-942D44C91C17}"
EndProject
Global
	GlobalSection(SolutionConfigurationPlatforms) = preSolution
		Debug|Any CPU = Debug|Any CPU
		Release|Any CPU = Release|Any CPU
	EndGlobalSection
	GlobalSection(ProjectConfigurationPlatforms) = postSolution
		{256568A7-048D-423D-874B-942D44C91C17}.Debug|Any CPU.ActiveCfg = Debug|Any CPU
		{256568A7-048D-423D-874B-942D44C91C17}.Debug|Any CPU.Build.0 = Debug|Any CPU
		{256568A7-048D-423D-874B-942D44C91C17}.Release|Any CPU.ActiveCfg = Release|Any CPU
		{256568A7-048D-423D-874B-942D44C91C17}.Release|Any CPU.Build.0 = Release|Any CPU
	EndGlobalSection
	GlobalSection(SolutionProperties) = preSolution
		HideSolutionNode = FALSE
	EndGlobalSection
	GlobalSection(ExtensibilityGlobals) = postSolution
		SolutionGuid = {027C712F-3EC9-4BF3-821F-8B9CB0EC43AA}
	EndGlobalSection
EndGlobal
